// !$*UTF8*$!
{
	archiveVersion = 1;
	classes = {
	};
	objectVersion = 46;
	objects = {

/* Begin PBXBuildFile section */
		156D44CD1DA01E790092C149 /* main.cpp in Sources */ = {isa = PBXBuildFile; fileRef = 156D44CC1DA01E790092C149 /* main.cpp */; };
/* End PBXBuildFile section */

/* Begin PBXCopyFilesBuildPhase section */
		156D44C71DA01E790092C149 /* CopyFiles */ = {
			isa = PBXCopyFilesBuildPhase;
			buildActionMask = 2147483647;
			dstPath = /usr/share/man/man1/;
			dstSubfolderSpec = 0;
			files = (
			);
			runOnlyForDeploymentPostprocessing = 1;
		};
/* End PBXCopyFilesBuildPhase section */

/* Begin PBXFileReference section */
		156D44C91DA01E790092C149 /* FFT */ = {isa = PBXFileReference; explicitFileType = "compiled.mach-o.executable"; includeInIndex = 0; path = FFT; sourceTree = BUILT_PRODUCTS_DIR; };
		156D44CC1DA01E790092C149 /* main.cpp */ = {isa = PBXFileReference; lastKnownFileType = sourcecode.cpp.cpp; path = main.cpp; sourceTree = "<group>"; };
/* End PBXFileReference section */

/* Begin PBXFrameworksBuildPhase section */
		156D44C61DA01E790092C149 /* Frameworks */ = {
			isa = PBXFrameworksBuildPhase;
			buildActionMask = 2147483647;
			files = (
			);
			runOnlyForDeploymentPostprocessing = 0;
		};
/* End PBXFrameworksBuildPhase section */

/* Begin PBXGroup section */
		156D44C01DA01E790092C149 = {
			isa = PBXGroup;
			children = (
				156D44CB1DA01E790092C149 /* FFT */,
				156D44CA1DA01E790092C149 /* Products */,
			);
			sourceTree = "<group>";
		};
		156D44CA1DA01E790092C149 /* Products */ = {
			isa = PBXGroup;
			children = (
				156D44C91DA01E790092C149 /* FFT */,
			);
			name = Products;
			sourceTree = "<group>";
		};
		156D44CB1DA01E790092C149 /* FFT */ = {
			isa = PBXGroup;
			children = (
				156D44CC1DA01E790092C149 /* main.cpp */,
			);
			path = FFT;
			sourceTree = "<group>";
		};
/* End PBXGroup section */

/* Begin PBXNativeTarget section */
		156D44C81DA01E790092C149 /* FFT */ = {
			isa = PBXNativeTarget;
			buildConfigurationList = 156D44D01DA01E790092C149 /* Build configuration list for PBXNativeTarget "FFT" */;
			buildPhases = (
				156D44C51DA01E790092C149 /* Sources */,
				156D44C61DA01E790092C149 /* Frameworks */,
				156D44C71DA01E790092C149 /* CopyFiles */,
			);
			buildRules = (
			);
			dependencies = (
			);
			name = FFT;
			productName = FFT;
			productReference = 156D44C91DA01E790092C149 /* FFT */;
			productType = "com.apple.product-type.tool";
		};
/* End PBXNativeTarget section */

/* Begin PBXProject section */
		156D44C11DA01E790092C149 /* Project object */ = {
			isa = PBXProject;
			attributes = {
				LastUpgradeCheck = 0730;
				ORGANIZATIONNAME = "Siddharth Bhaduri";
				TargetAttributes = {
					156D44C81DA01E790092C149 = {
						CreatedOnToolsVersion = 7.3.1;
					};
				};
			};
			buildConfigurationList = 156D44C41DA01E790092C149 /* Build configuration list for PBXProject "FFT" */;
			compatibilityVersion = "Xcode 3.2";
			developmentRegion = English;
			hasScannedForEncodings = 0;
			knownRegions = (
				en,
			);
			mainGroup = 156D44C01DA01E790092C149;
			productRefGroup = 156D44CA1DA01E790092C149 /* Products */;
			projectDirPath = "";
			projectRoot = "";
			targets = (
				156D44C81DA01E790092C149 /* FFT */,
			);
		};
/* End PBXProject section */

/* Begin PBXSourcesBuildPhase section */
		156D44C51DA01E790092C149 /* Sources */ = {
			isa = PBXSourcesBuildPhase;
			buildActionMask = 2147483647;
			files = (
				156D44CD1DA01E790092C149 /* main.cpp in Sources */,
			);
			runOnlyForDeploymentPostprocessing = 0;
		};
/* End PBXSourcesBuildPhase section */

/* Begin XCBuildConfiguration section */
		156D44CE1DA01E790092C149 /* Debug */ = {
			isa = XCBuildConfiguration;
			buildSettings = {
				ALWAYS_SEARCH_USER_PATHS = NO;
				CLANG_ANALYZER_NONNULL = YES;
				CLANG_CXX_LANGUAGE_STANDARD = "gnu++0x";
				CLANG_CXX_LIBRARY = "libc++";
				CLANG_ENABLE_MODULES = YES;
				CLANG_ENABLE_OBJC_ARC = YES;
				CLANG_WARN_BOOL_CONVERSION = YES;
				CLANG_WARN_CONSTANT_CONVERSION = YES;
				CLANG_WARN_DIRECT_OBJC_ISA_USAGE = YES_ERROR;
				CLANG_WARN_EMPTY_BODY = YES;
				CLANG_WARN_ENUM_CONVERSION = YES;
				CLANG_WARN_INT_CONVERSION = YES;
				CLANG_WARN_OBJC_ROOT_CLASS = YES_ERROR;
				CLANG_WARN_UNREACHABLE_CODE = YES;
				CLANG_WARN__DUPLICATE_METHOD_MATCH = YES;
				CODE_SIGN_IDENTITY = "-";
				COPY_PHASE_STRIP = NO;
				DEBUG_INFORMATION_FORMAT = dwarf;
				ENABLE_STRICT_OBJC_MSGSEND = YES;
				ENABLE_TESTABILITY = YES;
				GCC_C_LANGUAGE_STANDARD = gnu99;
				GCC_DYNAMIC_NO_PIC = NO;
				GCC_NO_COMMON_BLOCKS = YES;
				GCC_OPTIMIZATION_LEVEL = 0;
				GCC_PREPROCESSOR_DEFINITIONS = (
					"DEBUG=1",
					"$(inherited)",
				);
				GCC_WARN_64_TO_32_BIT_CONVERSION = YES;
				GCC_WARN_ABOUT_RETURN_TYPE = YES_ERROR;
				GCC_WARN_UNDECLARED_SELECTOR = YES;
				GCC_WARN_UNINITIALIZED_AUTOS = YES_AGGRESSIVE;
				GCC_WARN_UNUSED_FUNCTION = YES;
				GCC_WARN_UNUSED_VARIABLE = YES;
				MACOSX_DEPLOYMENT_TARGET = 10.11;
				MTL_ENABLE_DEBUG_INFO = YES;
				ONLY_ACTIVE_ARCH = YES;
				SDKROOT = macosx;
			};
			name = Debug;
		};
		156D44CF1DA01E790092C149 /* Release */ = {
			isa = XCBuildConfiguration;
			buildSettings = {
				ALWAYS_SEARCH_USER_PATHS = NO;
				CLANG_ANALYZER_NONNULL = YES;
				CLANG_CXX_LANGUAGE_STANDARD = "gnu++0x";
				CLANG_CXX_LIBRARY = "libc++";
				CLANG_ENABLE_MODULES = YES;
				CLANG_ENABLE_OBJC_ARC = YES;
				CLANG_WARN_BOOL_CONVERSION = YES;
				CLANG_WARN_CONSTANT_CONVERSION = YES;
				CLANG_WARN_DIRECT_OBJC_ISA_USAGE = YES_ERROR;
				CLANG_WARN_EMPTY_BODY = YES;
				CLANG_WARN_ENUM_CONVERSION = YES;
				CLANG_WARN_INT_CONVERSION = YES;
				CLANG_WARN_OBJC_ROOT_CLASS = YES_ERROR;
				CLANG_WARN_UNREACHABLE_CODE = YES;
				CLANG_WARN__DUPLICATE_METHOD_MATCH = YES;
				CODE_SIGN_IDENTITY = "-";
				COPY_PHASE_STRIP = NO;
				DEBUG_INFORMATION_FORMAT = "dwarf-with-dsym";
				ENABLE_NS_ASSERTIONS = NO;
				ENABLE_STRICT_OBJC_MSGSEND = YES;
				GCC_C_LANGUAGE_STANDARD = gnu99;
				GCC_NO_COMMON_BLOCKS = YES;
				GCC_WARN_64_TO_32_BIT_CONVERSION = YES;
				GCC_WARN_ABOUT_RETURN_TYPE = YES_ERROR;
				GCC_WARN_UNDECLARED_SELECTOR = YES;
				GCC_WARN_UNINITIALIZED_AUTOS = YES_AGGRESSIVE;
				GCC_WARN_UNUSED_FUNCTION = YES;
				GCC_WARN_UNUSED_VARIABLE = YES;
				MACOSX_DEPLOYMENT_TARGET = 10.11;
				MTL_ENABLE_DEBUG_INFO = NO;
				SDKROOT = macosx;
			};
			name = Release;
		};
		156D44D11DA01E790092C149 /* Debug */ = {
			isa = XCBuildConfiguration;
			buildSettings = {
				LIBRARY_SEARCH_PATHS = "/Users/siddharthbhaduri/Desktop/Work/Fall-2016/IE-523/newmat10";
				OTHER_LDFLAGS = "-lnewmat";
				PRODUCT_NAME = "$(TARGET_NAME)";
				USER_HEADER_SEARCH_PATHS = "/Users/siddharthbhaduri/Desktop/Work/Fall-2016/IE-523/newmat10";
			};
			name = Debug;
		};
		156D44D21DA01E790092C149 /* Release */ = {
			isa = XCBuildConfiguration;
			buildSettings = {
				LIBRARY_SEARCH_PATHS = "/Users/siddharthbhaduri/Desktop/Work/Fall-2016/IE-523/newmat10";
				OTHER_LDFLAGS = "-lnewmat";
				PRODUCT_NAME = "$(TARGET_NAME)";
				USER_HEADER_SEARCH_PATHS = "/Users/siddharthbhaduri/Desktop/Work/Fall-2016/IE-523/newmat10";
			};
			name = Release;
		};
/* End XCBuildConfiguration section */

/* Begin XCConfigurationList section */
		156D44C41DA01E790092C149 /* Build configuration list for PBXProject "FFT" */ = {
			isa = XCConfigurationList;
			buildConfigurations = (
				156D44CE1DA01E790092C149 /* Debug */,
				156D44CF1DA01E790092C149 /* Release */,
			);
			defaultConfigurationIsVisible = 0;
			defaultConfigurationName = Release;
		};
		156D44D01DA01E790092C149 /* Build configuration list for PBXNativeTarget "FFT" */ = {
			isa = XCConfigurationList;
			buildConfigurations = (
				156D44D11DA01E790092C149 /* Debug */,
				156D44D21DA01E790092C149 /* Release */,
			);
			defaultConfigurationIsVisible = 0;
			defaultConfigurationName = Release;
		};
/* End XCConfigurationList section */
	};
	rootObject = 156D44C11DA01E790092C149 /* Project object */;
}
