// !$*UTF8*$!
{
	archiveVersion = 1;
	classes = {
	};
	objectVersion = 46;
	objects = {

/* Begin PBXBuildFile section */
		15E9DD061D8CA7AB00A18EA3 /* main.cpp in Sources */ = {isa = PBXBuildFile; fileRef = 15E9DD051D8CA7AB00A18EA3 /* main.cpp */; };
/* End PBXBuildFile section */

/* Begin PBXCopyFilesBuildPhase section */
		15E9DD001D8CA7AB00A18EA3 /* CopyFiles */ = {
			isa = PBXCopyFilesBuildPhase;
			buildActionMask = 2147483647;
			dstPath = /usr/share/man/man1/;
			dstSubfolderSpec = 0;
			files = (
			);
			runOnlyForDeploymentPostprocessing = 1;
		};
/* End PBXCopyFilesBuildPhase section */

/* Begin PBXFileReference section */
		15E9DD021D8CA7AB00A18EA3 /* Option_Pricing */ = {isa = PBXFileReference; explicitFileType = "compiled.mach-o.executable"; includeInIndex = 0; path = Option_Pricing; sourceTree = BUILT_PRODUCTS_DIR; };
		15E9DD051D8CA7AB00A18EA3 /* main.cpp */ = {isa = PBXFileReference; lastKnownFileType = sourcecode.cpp.cpp; path = main.cpp; sourceTree = "<group>"; };
		15E9DD0C1D8CA7E300A18EA3 /* card_game.h */ = {isa = PBXFileReference; lastKnownFileType = sourcecode.c.h; path = card_game.h; sourceTree = "<group>"; };
/* End PBXFileReference section */

/* Begin PBXFrameworksBuildPhase section */
		15E9DCFF1D8CA7AB00A18EA3 /* Frameworks */ = {
			isa = PBXFrameworksBuildPhase;
			buildActionMask = 2147483647;
			files = (
			);
			runOnlyForDeploymentPostprocessing = 0;
		};
/* End PBXFrameworksBuildPhase section */

/* Begin PBXGroup section */
		15E9DCF91D8CA7AB00A18EA3 = {
			isa = PBXGroup;
			children = (
				15E9DD0C1D8CA7E300A18EA3 /* card_game.h */,
				15E9DD041D8CA7AB00A18EA3 /* Option_Pricing */,
				15E9DD031D8CA7AB00A18EA3 /* Products */,
			);
			sourceTree = "<group>";
		};
		15E9DD031D8CA7AB00A18EA3 /* Products */ = {
			isa = PBXGroup;
			children = (
				15E9DD021D8CA7AB00A18EA3 /* Option_Pricing */,
			);
			name = Products;
			sourceTree = "<group>";
		};
		15E9DD041D8CA7AB00A18EA3 /* Option_Pricing */ = {
			isa = PBXGroup;
			children = (
				15E9DD051D8CA7AB00A18EA3 /* main.cpp */,
			);
			path = Option_Pricing;
			sourceTree = "<group>";
		};
/* End PBXGroup section */

/* Begin PBXNativeTarget section */
		15E9DD011D8CA7AB00A18EA3 /* Option_Pricing */ = {
			isa = PBXNativeTarget;
			buildConfigurationList = 15E9DD091D8CA7AC00A18EA3 /* Build configuration list for PBXNativeTarget "Option_Pricing" */;
			buildPhases = (
				15E9DCFE1D8CA7AB00A18EA3 /* Sources */,
				15E9DCFF1D8CA7AB00A18EA3 /* Frameworks */,
				15E9DD001D8CA7AB00A18EA3 /* CopyFiles */,
			);
			buildRules = (
			);
			dependencies = (
			);
			name = Option_Pricing;
			productName = Option_Pricing;
			productReference = 15E9DD021D8CA7AB00A18EA3 /* Option_Pricing */;
			productType = "com.apple.product-type.tool";
		};
/* End PBXNativeTarget section */

/* Begin PBXProject section */
		15E9DCFA1D8CA7AB00A18EA3 /* Project object */ = {
			isa = PBXProject;
			attributes = {
				LastUpgradeCheck = 0730;
				ORGANIZATIONNAME = "Siddharth Bhaduri";
				TargetAttributes = {
					15E9DD011D8CA7AB00A18EA3 = {
						CreatedOnToolsVersion = 7.3.1;
					};
				};
			};
			buildConfigurationList = 15E9DCFD1D8CA7AB00A18EA3 /* Build configuration list for PBXProject "Option_Pricing" */;
			compatibilityVersion = "Xcode 3.2";
			developmentRegion = English;
			hasScannedForEncodings = 0;
			knownRegions = (
				en,
			);
			mainGroup = 15E9DCF91D8CA7AB00A18EA3;
			productRefGroup = 15E9DD031D8CA7AB00A18EA3 /* Products */;
			projectDirPath = "";
			projectRoot = "";
			targets = (
				15E9DD011D8CA7AB00A18EA3 /* Option_Pricing */,
			);
		};
/* End PBXProject section */

/* Begin PBXSourcesBuildPhase section */
		15E9DCFE1D8CA7AB00A18EA3 /* Sources */ = {
			isa = PBXSourcesBuildPhase;
			buildActionMask = 2147483647;
			files = (
				15E9DD061D8CA7AB00A18EA3 /* main.cpp in Sources */,
			);
			runOnlyForDeploymentPostprocessing = 0;
		};
/* End PBXSourcesBuildPhase section */

/* Begin XCBuildConfiguration section */
		15E9DD071D8CA7AB00A18EA3 /* Debug */ = {
			isa = XCBuildConfiguration;
			buildSettings = {
				ALWAYS_SEARCH_USER_PATHS = NO;
				CLANG_ANALYZER_NONNULL = YES;
				CLANG_CXX_LANGUAGE_STANDARD = "gnu++0x";
				CLANG_CXX_LIBRARY = "libc++";
				CLANG_ENABLE_MODULES = YES;
				CLANG_ENABLE_OBJC_ARC = YES;
				CLANG_WARN_BOOL_CONVERSION = YES;
				CLANG_WARN_CONSTANT_CONVERSION = YES;
				CLANG_WARN_DIRECT_OBJC_ISA_USAGE = YES_ERROR;
				CLANG_WARN_EMPTY_BODY = YES;
				CLANG_WARN_ENUM_CONVERSION = YES;
				CLANG_WARN_INT_CONVERSION = YES;
				CLANG_WARN_OBJC_ROOT_CLASS = YES_ERROR;
				CLANG_WARN_UNREACHABLE_CODE = YES;
				CLANG_WARN__DUPLICATE_METHOD_MATCH = YES;
				CODE_SIGN_IDENTITY = "-";
				COPY_PHASE_STRIP = NO;
				DEBUG_INFORMATION_FORMAT = dwarf;
				ENABLE_STRICT_OBJC_MSGSEND = YES;
				ENABLE_TESTABILITY = YES;
				GCC_C_LANGUAGE_STANDARD = gnu99;
				GCC_DYNAMIC_NO_PIC = NO;
				GCC_NO_COMMON_BLOCKS = YES;
				GCC_OPTIMIZATION_LEVEL = 0;
				GCC_PREPROCESSOR_DEFINITIONS = (
					"DEBUG=1",
					"$(inherited)",
				);
				GCC_WARN_64_TO_32_BIT_CONVERSION = YES;
				GCC_WARN_ABOUT_RETURN_TYPE = YES_ERROR;
				GCC_WARN_UNDECLARED_SELECTOR = YES;
				GCC_WARN_UNINITIALIZED_AUTOS = YES_AGGRESSIVE;
				GCC_WARN_UNUSED_FUNCTION = YES;
				GCC_WARN_UNUSED_VARIABLE = YES;
				MACOSX_DEPLOYMENT_TARGET = 10.11;
				MTL_ENABLE_DEBUG_INFO = YES;
				ONLY_ACTIVE_ARCH = YES;
				SDKROOT = macosx;
			};
			name = Debug;
		};
		15E9DD081D8CA7AB00A18EA3 /* Release */ = {
			isa = XCBuildConfiguration;
			buildSettings = {
				ALWAYS_SEARCH_USER_PATHS = NO;
				CLANG_ANALYZER_NONNULL = YES;
				CLANG_CXX_LANGUAGE_STANDARD = "gnu++0x";
				CLANG_CXX_LIBRARY = "libc++";
				CLANG_ENABLE_MODULES = YES;
				CLANG_ENABLE_OBJC_ARC = YES;
				CLANG_WARN_BOOL_CONVERSION = YES;
				CLANG_WARN_CONSTANT_CONVERSION = YES;
				CLANG_WARN_DIRECT_OBJC_ISA_USAGE = YES_ERROR;
				CLANG_WARN_EMPTY_BODY = YES;
				CLANG_WARN_ENUM_CONVERSION = YES;
				CLANG_WARN_INT_CONVERSION = YES;
				CLANG_WARN_OBJC_ROOT_CLASS = YES_ERROR;
				CLANG_WARN_UNREACHABLE_CODE = YES;
				CLANG_WARN__DUPLICATE_METHOD_MATCH = YES;
				CODE_SIGN_IDENTITY = "-";
				COPY_PHASE_STRIP = NO;
				DEBUG_INFORMATION_FORMAT = "dwarf-with-dsym";
				ENABLE_NS_ASSERTIONS = NO;
				ENABLE_STRICT_OBJC_MSGSEND = YES;
				GCC_C_LANGUAGE_STANDARD = gnu99;
				GCC_NO_COMMON_BLOCKS = YES;
				GCC_WARN_64_TO_32_BIT_CONVERSION = YES;
				GCC_WARN_ABOUT_RETURN_TYPE = YES_ERROR;
				GCC_WARN_UNDECLARED_SELECTOR = YES;
				GCC_WARN_UNINITIALIZED_AUTOS = YES_AGGRESSIVE;
				GCC_WARN_UNUSED_FUNCTION = YES;
				GCC_WARN_UNUSED_VARIABLE = YES;
				MACOSX_DEPLOYMENT_TARGET = 10.11;
				MTL_ENABLE_DEBUG_INFO = NO;
				SDKROOT = macosx;
			};
			name = Release;
		};
		15E9DD0A1D8CA7AC00A18EA3 /* Debug */ = {
			isa = XCBuildConfiguration;
			buildSettings = {
				PRODUCT_NAME = "$(TARGET_NAME)";
			};
			name = Debug;
		};
		15E9DD0B1D8CA7AC00A18EA3 /* Release */ = {
			isa = XCBuildConfiguration;
			buildSettings = {
				PRODUCT_NAME = "$(TARGET_NAME)";
			};
			name = Release;
		};
/* End XCBuildConfiguration section */

/* Begin XCConfigurationList section */
		15E9DCFD1D8CA7AB00A18EA3 /* Build configuration list for PBXProject "Option_Pricing" */ = {
			isa = XCConfigurationList;
			buildConfigurations = (
				15E9DD071D8CA7AB00A18EA3 /* Debug */,
				15E9DD081D8CA7AB00A18EA3 /* Release */,
			);
			defaultConfigurationIsVisible = 0;
			defaultConfigurationName = Release;
		};
		15E9DD091D8CA7AC00A18EA3 /* Build configuration list for PBXNativeTarget "Option_Pricing" */ = {
			isa = XCConfigurationList;
			buildConfigurations = (
				15E9DD0A1D8CA7AC00A18EA3 /* Debug */,
				15E9DD0B1D8CA7AC00A18EA3 /* Release */,
			);
			defaultConfigurationIsVisible = 0;
		};
/* End XCConfigurationList section */
	};
	rootObject = 15E9DCFA1D8CA7AB00A18EA3 /* Project object */;
}
