// !$*UTF8*$!
{
	archiveVersion = 1;
	classes = {
	};
	objectVersion = 46;
	objects = {

/* Begin PBXBuildFile section */
		15379DEA1D891C1500B9CB0C /* main.cpp in Sources */ = {isa = PBXBuildFile; fileRef = 15379DE91D891C1500B9CB0C /* main.cpp */; };
/* End PBXBuildFile section */

/* Begin PBXCopyFilesBuildPhase section */
		15379DE41D891C1500B9CB0C /* CopyFiles */ = {
			isa = PBXCopyFilesBuildPhase;
			buildActionMask = 2147483647;
			dstPath = /usr/share/man/man1/;
			dstSubfolderSpec = 0;
			files = (
			);
			runOnlyForDeploymentPostprocessing = 1;
		};
/* End PBXCopyFilesBuildPhase section */

/* Begin PBXFileReference section */
		15379DE61D891C1500B9CB0C /* Tower_Hanoi */ = {isa = PBXFileReference; explicitFileType = "compiled.mach-o.executable"; includeInIndex = 0; path = Tower_Hanoi; sourceTree = BUILT_PRODUCTS_DIR; };
		15379DE91D891C1500B9CB0C /* main.cpp */ = {isa = PBXFileReference; lastKnownFileType = sourcecode.cpp.cpp; path = main.cpp; sourceTree = "<group>"; };
		15379DF01D891C5900B9CB0C /* k_hanoi.h */ = {isa = PBXFileReference; lastKnownFileType = sourcecode.c.h; path = k_hanoi.h; sourceTree = "<group>"; };
/* End PBXFileReference section */

/* Begin PBXFrameworksBuildPhase section */
		15379DE31D891C1500B9CB0C /* Frameworks */ = {
			isa = PBXFrameworksBuildPhase;
			buildActionMask = 2147483647;
			files = (
			);
			runOnlyForDeploymentPostprocessing = 0;
		};
/* End PBXFrameworksBuildPhase section */

/* Begin PBXGroup section */
		15379DDD1D891C1500B9CB0C = {
			isa = PBXGroup;
			children = (
				15379DF01D891C5900B9CB0C /* k_hanoi.h */,
				15379DE81D891C1500B9CB0C /* Tower_Hanoi */,
				15379DE71D891C1500B9CB0C /* Products */,
			);
			sourceTree = "<group>";
		};
		15379DE71D891C1500B9CB0C /* Products */ = {
			isa = PBXGroup;
			children = (
				15379DE61D891C1500B9CB0C /* Tower_Hanoi */,
			);
			name = Products;
			sourceTree = "<group>";
		};
		15379DE81D891C1500B9CB0C /* Tower_Hanoi */ = {
			isa = PBXGroup;
			children = (
				15379DE91D891C1500B9CB0C /* main.cpp */,
			);
			path = Tower_Hanoi;
			sourceTree = "<group>";
		};
/* End PBXGroup section */

/* Begin PBXNativeTarget section */
		15379DE51D891C1500B9CB0C /* Tower_Hanoi */ = {
			isa = PBXNativeTarget;
			buildConfigurationList = 15379DED1D891C1500B9CB0C /* Build configuration list for PBXNativeTarget "Tower_Hanoi" */;
			buildPhases = (
				15379DE21D891C1500B9CB0C /* Sources */,
				15379DE31D891C1500B9CB0C /* Frameworks */,
				15379DE41D891C1500B9CB0C /* CopyFiles */,
			);
			buildRules = (
			);
			dependencies = (
			);
			name = Tower_Hanoi;
			productName = Tower_Hanoi;
			productReference = 15379DE61D891C1500B9CB0C /* Tower_Hanoi */;
			productType = "com.apple.product-type.tool";
		};
/* End PBXNativeTarget section */

/* Begin PBXProject section */
		15379DDE1D891C1500B9CB0C /* Project object */ = {
			isa = PBXProject;
			attributes = {
				LastUpgradeCheck = 0730;
				ORGANIZATIONNAME = "Siddharth Bhaduri";
				TargetAttributes = {
					15379DE51D891C1500B9CB0C = {
						CreatedOnToolsVersion = 7.3.1;
					};
				};
			};
			buildConfigurationList = 15379DE11D891C1500B9CB0C /* Build configuration list for PBXProject "Tower_Hanoi" */;
			compatibilityVersion = "Xcode 3.2";
			developmentRegion = English;
			hasScannedForEncodings = 0;
			knownRegions = (
				en,
			);
			mainGroup = 15379DDD1D891C1500B9CB0C;
			productRefGroup = 15379DE71D891C1500B9CB0C /* Products */;
			projectDirPath = "";
			projectRoot = "";
			targets = (
				15379DE51D891C1500B9CB0C /* Tower_Hanoi */,
			);
		};
/* End PBXProject section */

/* Begin PBXSourcesBuildPhase section */
		15379DE21D891C1500B9CB0C /* Sources */ = {
			isa = PBXSourcesBuildPhase;
			buildActionMask = 2147483647;
			files = (
				15379DEA1D891C1500B9CB0C /* main.cpp in Sources */,
			);
			runOnlyForDeploymentPostprocessing = 0;
		};
/* End PBXSourcesBuildPhase section */

/* Begin XCBuildConfiguration section */
		15379DEB1D891C1500B9CB0C /* Debug */ = {
			isa = XCBuildConfiguration;
			buildSettings = {
				ALWAYS_SEARCH_USER_PATHS = NO;
				CLANG_ANALYZER_NONNULL = YES;
				CLANG_CXX_LANGUAGE_STANDARD = "gnu++0x";
				CLANG_CXX_LIBRARY = "libc++";
				CLANG_ENABLE_MODULES = YES;
				CLANG_ENABLE_OBJC_ARC = YES;
				CLANG_WARN_BOOL_CONVERSION = YES;
				CLANG_WARN_CONSTANT_CONVERSION = YES;
				CLANG_WARN_DIRECT_OBJC_ISA_USAGE = YES_ERROR;
				CLANG_WARN_EMPTY_BODY = YES;
				CLANG_WARN_ENUM_CONVERSION = YES;
				CLANG_WARN_INT_CONVERSION = YES;
				CLANG_WARN_OBJC_ROOT_CLASS = YES_ERROR;
				CLANG_WARN_UNREACHABLE_CODE = YES;
				CLANG_WARN__DUPLICATE_METHOD_MATCH = YES;
				CODE_SIGN_IDENTITY = "-";
				COPY_PHASE_STRIP = NO;
				DEBUG_INFORMATION_FORMAT = dwarf;
				ENABLE_STRICT_OBJC_MSGSEND = YES;
				ENABLE_TESTABILITY = YES;
				GCC_C_LANGUAGE_STANDARD = gnu99;
				GCC_DYNAMIC_NO_PIC = NO;
				GCC_NO_COMMON_BLOCKS = YES;
				GCC_OPTIMIZATION_LEVEL = 0;
				GCC_PREPROCESSOR_DEFINITIONS = (
					"DEBUG=1",
					"$(inherited)",
				);
				GCC_WARN_64_TO_32_BIT_CONVERSION = YES;
				GCC_WARN_ABOUT_RETURN_TYPE = YES_ERROR;
				GCC_WARN_UNDECLARED_SELECTOR = YES;
				GCC_WARN_UNINITIALIZED_AUTOS = YES_AGGRESSIVE;
				GCC_WARN_UNUSED_FUNCTION = YES;
				GCC_WARN_UNUSED_VARIABLE = YES;
				MACOSX_DEPLOYMENT_TARGET = 10.11;
				MTL_ENABLE_DEBUG_INFO = YES;
				ONLY_ACTIVE_ARCH = YES;
				SDKROOT = macosx;
			};
			name = Debug;
		};
		15379DEC1D891C1500B9CB0C /* Release */ = {
			isa = XCBuildConfiguration;
			buildSettings = {
				ALWAYS_SEARCH_USER_PATHS = NO;
				CLANG_ANALYZER_NONNULL = YES;
				CLANG_CXX_LANGUAGE_STANDARD = "gnu++0x";
				CLANG_CXX_LIBRARY = "libc++";
				CLANG_ENABLE_MODULES = YES;
				CLANG_ENABLE_OBJC_ARC = YES;
				CLANG_WARN_BOOL_CONVERSION = YES;
				CLANG_WARN_CONSTANT_CONVERSION = YES;
				CLANG_WARN_DIRECT_OBJC_ISA_USAGE = YES_ERROR;
				CLANG_WARN_EMPTY_BODY = YES;
				CLANG_WARN_ENUM_CONVERSION = YES;
				CLANG_WARN_INT_CONVERSION = YES;
				CLANG_WARN_OBJC_ROOT_CLASS = YES_ERROR;
				CLANG_WARN_UNREACHABLE_CODE = YES;
				CLANG_WARN__DUPLICATE_METHOD_MATCH = YES;
				CODE_SIGN_IDENTITY = "-";
				COPY_PHASE_STRIP = NO;
				DEBUG_INFORMATION_FORMAT = "dwarf-with-dsym";
				ENABLE_NS_ASSERTIONS = NO;
				ENABLE_STRICT_OBJC_MSGSEND = YES;
				GCC_C_LANGUAGE_STANDARD = gnu99;
				GCC_NO_COMMON_BLOCKS = YES;
				GCC_WARN_64_TO_32_BIT_CONVERSION = YES;
				GCC_WARN_ABOUT_RETURN_TYPE = YES_ERROR;
				GCC_WARN_UNDECLARED_SELECTOR = YES;
				GCC_WARN_UNINITIALIZED_AUTOS = YES_AGGRESSIVE;
				GCC_WARN_UNUSED_FUNCTION = YES;
				GCC_WARN_UNUSED_VARIABLE = YES;
				MACOSX_DEPLOYMENT_TARGET = 10.11;
				MTL_ENABLE_DEBUG_INFO = NO;
				SDKROOT = macosx;
			};
			name = Release;
		};
		15379DEE1D891C1500B9CB0C /* Debug */ = {
			isa = XCBuildConfiguration;
			buildSettings = {
				PRODUCT_NAME = "$(TARGET_NAME)";
			};
			name = Debug;
		};
		15379DEF1D891C1500B9CB0C /* Release */ = {
			isa = XCBuildConfiguration;
			buildSettings = {
				PRODUCT_NAME = "$(TARGET_NAME)";
			};
			name = Release;
		};
/* End XCBuildConfiguration section */

/* Begin XCConfigurationList section */
		15379DE11D891C1500B9CB0C /* Build configuration list for PBXProject "Tower_Hanoi" */ = {
			isa = XCConfigurationList;
			buildConfigurations = (
				15379DEB1D891C1500B9CB0C /* Debug */,
				15379DEC1D891C1500B9CB0C /* Release */,
			);
			defaultConfigurationIsVisible = 0;
			defaultConfigurationName = Release;
		};
		15379DED1D891C1500B9CB0C /* Build configuration list for PBXNativeTarget "Tower_Hanoi" */ = {
			isa = XCConfigurationList;
			buildConfigurations = (
				15379DEE1D891C1500B9CB0C /* Debug */,
				15379DEF1D891C1500B9CB0C /* Release */,
			);
			defaultConfigurationIsVisible = 0;
		};
/* End XCConfigurationList section */
	};
	rootObject = 15379DDE1D891C1500B9CB0C /* Project object */;
}
