// !$*UTF8*$!
{
	archiveVersion = 1;
	classes = {
	};
	objectVersion = 46;
	objects = {

/* Begin PBXBuildFile section */
		15C64FE61D73974E00AF6569 /* main.cpp in Sources */ = {isa = PBXBuildFile; fileRef = 15C64FE51D73974E00AF6569 /* main.cpp */; };
/* End PBXBuildFile section */

/* Begin PBXCopyFilesBuildPhase section */
		15C64FE01D73974E00AF6569 /* CopyFiles */ = {
			isa = PBXCopyFilesBuildPhase;
			buildActionMask = 2147483647;
			dstPath = /usr/share/man/man1/;
			dstSubfolderSpec = 0;
			files = (
			);
			runOnlyForDeploymentPostprocessing = 1;
		};
/* End PBXCopyFilesBuildPhase section */

/* Begin PBXFileReference section */
		15C64FE21D73974E00AF6569 /* N_queens */ = {isa = PBXFileReference; explicitFileType = "compiled.mach-o.executable"; includeInIndex = 0; path = N_queens; sourceTree = BUILT_PRODUCTS_DIR; };
		15C64FE51D73974E00AF6569 /* main.cpp */ = {isa = PBXFileReference; lastKnownFileType = sourcecode.cpp.cpp; path = main.cpp; sourceTree = "<group>"; };
		15C64FEC1D73997200AF6569 /* n_queens_siddharth_bhaduri.h */ = {isa = PBXFileReference; lastKnownFileType = sourcecode.c.h; path = n_queens_siddharth_bhaduri.h; sourceTree = "<group>"; };
		15C64FED1D75436B00AF6569 /* n_queens_all_solutions_siddharth_bhaduri.h */ = {isa = PBXFileReference; lastKnownFileType = sourcecode.c.h; path = n_queens_all_solutions_siddharth_bhaduri.h; sourceTree = "<group>"; };
/* End PBXFileReference section */

/* Begin PBXFrameworksBuildPhase section */
		15C64FDF1D73974E00AF6569 /* Frameworks */ = {
			isa = PBXFrameworksBuildPhase;
			buildActionMask = 2147483647;
			files = (
			);
			runOnlyForDeploymentPostprocessing = 0;
		};
/* End PBXFrameworksBuildPhase section */

/* Begin PBXGroup section */
		15C64FD91D73974E00AF6569 = {
			isa = PBXGroup;
			children = (
				15C64FE41D73974E00AF6569 /* N_queens */,
				15C64FE31D73974E00AF6569 /* Products */,
			);
			sourceTree = "<group>";
		};
		15C64FE31D73974E00AF6569 /* Products */ = {
			isa = PBXGroup;
			children = (
				15C64FE21D73974E00AF6569 /* N_queens */,
			);
			name = Products;
			sourceTree = "<group>";
		};
		15C64FE41D73974E00AF6569 /* N_queens */ = {
			isa = PBXGroup;
			children = (
				15C64FE51D73974E00AF6569 /* main.cpp */,
				15C64FEC1D73997200AF6569 /* n_queens_siddharth_bhaduri.h */,
				15C64FED1D75436B00AF6569 /* n_queens_all_solutions_siddharth_bhaduri.h */,
			);
			path = N_queens;
			sourceTree = "<group>";
		};
/* End PBXGroup section */

/* Begin PBXNativeTarget section */
		15C64FE11D73974E00AF6569 /* N_queens */ = {
			isa = PBXNativeTarget;
			buildConfigurationList = 15C64FE91D73974E00AF6569 /* Build configuration list for PBXNativeTarget "N_queens" */;
			buildPhases = (
				15C64FDE1D73974E00AF6569 /* Sources */,
				15C64FDF1D73974E00AF6569 /* Frameworks */,
				15C64FE01D73974E00AF6569 /* CopyFiles */,
			);
			buildRules = (
			);
			dependencies = (
			);
			name = N_queens;
			productName = N_queens;
			productReference = 15C64FE21D73974E00AF6569 /* N_queens */;
			productType = "com.apple.product-type.tool";
		};
/* End PBXNativeTarget section */

/* Begin PBXProject section */
		15C64FDA1D73974E00AF6569 /* Project object */ = {
			isa = PBXProject;
			attributes = {
				LastUpgradeCheck = 0730;
				ORGANIZATIONNAME = "Siddharth Bhaduri";
				TargetAttributes = {
					15C64FE11D73974E00AF6569 = {
						CreatedOnToolsVersion = 7.3.1;
					};
				};
			};
			buildConfigurationList = 15C64FDD1D73974E00AF6569 /* Build configuration list for PBXProject "N_queens" */;
			compatibilityVersion = "Xcode 3.2";
			developmentRegion = English;
			hasScannedForEncodings = 0;
			knownRegions = (
				en,
			);
			mainGroup = 15C64FD91D73974E00AF6569;
			productRefGroup = 15C64FE31D73974E00AF6569 /* Products */;
			projectDirPath = "";
			projectRoot = "";
			targets = (
				15C64FE11D73974E00AF6569 /* N_queens */,
			);
		};
/* End PBXProject section */

/* Begin PBXSourcesBuildPhase section */
		15C64FDE1D73974E00AF6569 /* Sources */ = {
			isa = PBXSourcesBuildPhase;
			buildActionMask = 2147483647;
			files = (
				15C64FE61D73974E00AF6569 /* main.cpp in Sources */,
			);
			runOnlyForDeploymentPostprocessing = 0;
		};
/* End PBXSourcesBuildPhase section */

/* Begin XCBuildConfiguration section */
		15C64FE71D73974E00AF6569 /* Debug */ = {
			isa = XCBuildConfiguration;
			buildSettings = {
				ALWAYS_SEARCH_USER_PATHS = NO;
				CLANG_ANALYZER_NONNULL = YES;
				CLANG_CXX_LANGUAGE_STANDARD = "gnu++0x";
				CLANG_CXX_LIBRARY = "libc++";
				CLANG_ENABLE_MODULES = YES;
				CLANG_ENABLE_OBJC_ARC = YES;
				CLANG_WARN_BOOL_CONVERSION = YES;
				CLANG_WARN_CONSTANT_CONVERSION = YES;
				CLANG_WARN_DIRECT_OBJC_ISA_USAGE = YES_ERROR;
				CLANG_WARN_EMPTY_BODY = YES;
				CLANG_WARN_ENUM_CONVERSION = YES;
				CLANG_WARN_INT_CONVERSION = YES;
				CLANG_WARN_OBJC_ROOT_CLASS = YES_ERROR;
				CLANG_WARN_UNREACHABLE_CODE = YES;
				CLANG_WARN__DUPLICATE_METHOD_MATCH = YES;
				CODE_SIGN_IDENTITY = "-";
				COPY_PHASE_STRIP = NO;
				DEBUG_INFORMATION_FORMAT = dwarf;
				ENABLE_STRICT_OBJC_MSGSEND = YES;
				ENABLE_TESTABILITY = YES;
				GCC_C_LANGUAGE_STANDARD = gnu99;
				GCC_DYNAMIC_NO_PIC = NO;
				GCC_NO_COMMON_BLOCKS = YES;
				GCC_OPTIMIZATION_LEVEL = 0;
				GCC_PREPROCESSOR_DEFINITIONS = (
					"DEBUG=1",
					"$(inherited)",
				);
				GCC_WARN_64_TO_32_BIT_CONVERSION = YES;
				GCC_WARN_ABOUT_RETURN_TYPE = YES_ERROR;
				GCC_WARN_UNDECLARED_SELECTOR = YES;
				GCC_WARN_UNINITIALIZED_AUTOS = YES_AGGRESSIVE;
				GCC_WARN_UNUSED_FUNCTION = YES;
				GCC_WARN_UNUSED_VARIABLE = YES;
				MACOSX_DEPLOYMENT_TARGET = 10.11;
				MTL_ENABLE_DEBUG_INFO = YES;
				ONLY_ACTIVE_ARCH = YES;
				SDKROOT = macosx;
			};
			name = Debug;
		};
		15C64FE81D73974E00AF6569 /* Release */ = {
			isa = XCBuildConfiguration;
			buildSettings = {
				ALWAYS_SEARCH_USER_PATHS = NO;
				CLANG_ANALYZER_NONNULL = YES;
				CLANG_CXX_LANGUAGE_STANDARD = "gnu++0x";
				CLANG_CXX_LIBRARY = "libc++";
				CLANG_ENABLE_MODULES = YES;
				CLANG_ENABLE_OBJC_ARC = YES;
				CLANG_WARN_BOOL_CONVERSION = YES;
				CLANG_WARN_CONSTANT_CONVERSION = YES;
				CLANG_WARN_DIRECT_OBJC_ISA_USAGE = YES_ERROR;
				CLANG_WARN_EMPTY_BODY = YES;
				CLANG_WARN_ENUM_CONVERSION = YES;
				CLANG_WARN_INT_CONVERSION = YES;
				CLANG_WARN_OBJC_ROOT_CLASS = YES_ERROR;
				CLANG_WARN_UNREACHABLE_CODE = YES;
				CLANG_WARN__DUPLICATE_METHOD_MATCH = YES;
				CODE_SIGN_IDENTITY = "-";
				COPY_PHASE_STRIP = NO;
				DEBUG_INFORMATION_FORMAT = "dwarf-with-dsym";
				ENABLE_NS_ASSERTIONS = NO;
				ENABLE_STRICT_OBJC_MSGSEND = YES;
				GCC_C_LANGUAGE_STANDARD = gnu99;
				GCC_NO_COMMON_BLOCKS = YES;
				GCC_WARN_64_TO_32_BIT_CONVERSION = YES;
				GCC_WARN_ABOUT_RETURN_TYPE = YES_ERROR;
				GCC_WARN_UNDECLARED_SELECTOR = YES;
				GCC_WARN_UNINITIALIZED_AUTOS = YES_AGGRESSIVE;
				GCC_WARN_UNUSED_FUNCTION = YES;
				GCC_WARN_UNUSED_VARIABLE = YES;
				MACOSX_DEPLOYMENT_TARGET = 10.11;
				MTL_ENABLE_DEBUG_INFO = NO;
				SDKROOT = macosx;
			};
			name = Release;
		};
		15C64FEA1D73974E00AF6569 /* Debug */ = {
			isa = XCBuildConfiguration;
			buildSettings = {
				PRODUCT_NAME = "$(TARGET_NAME)";
			};
			name = Debug;
		};
		15C64FEB1D73974E00AF6569 /* Release */ = {
			isa = XCBuildConfiguration;
			buildSettings = {
				PRODUCT_NAME = "$(TARGET_NAME)";
			};
			name = Release;
		};
/* End XCBuildConfiguration section */

/* Begin XCConfigurationList section */
		15C64FDD1D73974E00AF6569 /* Build configuration list for PBXProject "N_queens" */ = {
			isa = XCConfigurationList;
			buildConfigurations = (
				15C64FE71D73974E00AF6569 /* Debug */,
				15C64FE81D73974E00AF6569 /* Release */,
			);
			defaultConfigurationIsVisible = 0;
			defaultConfigurationName = Release;
		};
		15C64FE91D73974E00AF6569 /* Build configuration list for PBXNativeTarget "N_queens" */ = {
			isa = XCConfigurationList;
			buildConfigurations = (
				15C64FEA1D73974E00AF6569 /* Debug */,
				15C64FEB1D73974E00AF6569 /* Release */,
			);
			defaultConfigurationIsVisible = 0;
		};
/* End XCConfigurationList section */
	};
	rootObject = 15C64FDA1D73974E00AF6569 /* Project object */;
}
